
Microsoft Visual Studio Solution File, Format Version 12.00
# Visual Studio Version 17
VisualStudioVersion = 17.0.31903.59
MinimumVisualStudioVersion = 10.0.40219.1
Project("{2150E333-8FDC-42A3-9474-1A3956D46DE8}") = "src", "src", "{827E0CD3-B72D-47B6-A68D-7590B98EB39B}"
EndProject
Project("{FAE04EC0-301F-11D3-BF4B-00C04F79EFBC}") = "AiWorkflow.Domain", "src\AiWorkflow.Domain\AiWorkflow.Domain.csproj", "{260AF2DB-27FA-4F95-9FFC-496D6B8B5CCE}"
EndProject
Project("{FAE04EC0-301F-11D3-BF4B-00C04F79EFBC}") = "AiWorkflow.Application", "src\AiWorkflow.Application\AiWorkflow.Application.csproj", "{C8EEF30A-17FF-4A60-B747-3815DD1D2641}"
EndProject
Project("{FAE04EC0-301F-11D3-BF4B-00C04F79EFBC}") = "AiWorkflow.Infrastructure", "src\AiWorkflow.Infrastructure\AiWorkflow.Infrastructure.csproj", "{31F37600-33E5-4B68-9398-C672BCDDBA79}"
EndProject
Project("{FAE04EC0-301F-11D3-BF4B-00C04F79EFBC}") = "AiWorkflow.Api", "src\AiWorkflow.Api\AiWorkflow.Api.csproj", "{93BF48EA-7F96-45C0-924C-019D87B6B609}"
EndProject
Project("{2150E333-8FDC-42A3-9474-1A3956D46DE8}") = "tests", "tests", "{0AB3BF05-4346-4AA6-1389-037BE0695223}"
EndProject
Project("{FAE04EC0-301F-11D3-BF4B-00C04F79EFBC}") = "AiWorkflow.UnitTests", "tests\AiWorkflow.UnitTests\AiWorkflow.UnitTests.csproj", "{88E58FC4-0708-4439-8CCB-9D52A83456CA}"
EndProject
Project("{FAE04EC0-301F-11D3-BF4B-00C04F79EFBC}") = "AiWorkflow.IntegrationTests", "tests\AiWorkflow.IntegrationTests\AiWorkflow.IntegrationTests.csproj", "{F6A4804E-9A80-433B-9E28-4495347991A2}"
EndProject
Project("{FAE04EC0-301F-11D3-BF4B-00C04F79EFBC}") = "AiWorkflow.ArchitectureTests", "tests\AiWorkflow.ArchitectureTests\AiWorkflow.ArchitectureTests.csproj", "{0C6B0CC8-F0BB-48DF-B8E6-67DA6F4849FB}"
EndProject
Global
	GlobalSection(SolutionConfigurationPlatforms) = preSolution
		Debug|Any CPU = Debug|Any CPU
		Debug|x64 = Debug|x64
		Debug|x86 = Debug|x86
		Release|Any CPU = Release|Any CPU
		Release|x64 = Release|x64
		Release|x86 = Release|x86
	EndGlobalSection
	GlobalSection(ProjectConfigurationPlatforms) = postSolution
		{260AF2DB-27FA-4F95-9FFC-496D6B8B5CCE}.Debug|Any CPU.ActiveCfg = Debug|Any CPU
		{260AF2DB-27FA-4F95-9FFC-496D6B8B5CCE}.Debug|Any CPU.Build.0 = Debug|Any CPU
		{260AF2DB-27FA-4F95-9FFC-496D6B8B5CCE}.Debug|x64.ActiveCfg = Debug|Any CPU
		{260AF2DB-27FA-4F95-9FFC-496D6B8B5CCE}.Debug|x64.Build.0 = Debug|Any CPU
		{260AF2DB-27FA-4F95-9FFC-496D6B8B5CCE}.Debug|x86.ActiveCfg = Debug|Any CPU
		{260AF2DB-27FA-4F95-9FFC-496D6B8B5CCE}.Debug|x86.Build.0 = Debug|Any CPU
		{260AF2DB-27FA-4F95-9FFC-496D6B8B5CCE}.Release|Any CPU.ActiveCfg = Release|Any CPU
		{260AF2DB-27FA-4F95-9FFC-496D6B8B5CCE}.Release|Any CPU.Build.0 = Release|Any CPU
		{260AF2DB-27FA-4F95-9FFC-496D6B8B5CCE}.Release|x64.ActiveCfg = Release|Any CPU
		{260AF2DB-27FA-4F95-9FFC-496D6B8B5CCE}.Release|x64.Build.0 = Release|Any CPU
		{260AF2DB-27FA-4F95-9FFC-496D6B8B5CCE}.Release|x86.ActiveCfg = Release|Any CPU
		{260AF2DB-27FA-4F95-9FFC-496D6B8B5CCE}.Release|x86.Build.0 = Release|Any CPU
		{C8EEF30A-17FF-4A60-B747-3815DD1D2641}.Debug|Any CPU.ActiveCfg = Debug|Any CPU
		{C8EEF30A-17FF-4A60-B747-3815DD1D2641}.Debug|Any CPU.Build.0 = Debug|Any CPU
		{C8EEF30A-17FF-4A60-B747-3815DD1D2641}.Debug|x64.ActiveCfg = Debug|Any CPU
		{C8EEF30A-17FF-4A60-B747-3815DD1D2641}.Debug|x64.Build.0 = Debug|Any CPU
		{C8EEF30A-17FF-4A60-B747-3815DD1D2641}.Debug|x86.ActiveCfg = Debug|Any CPU
		{C8EEF30A-17FF-4A60-B747-3815DD1D2641}.Debug|x86.Build.0 = Debug|Any CPU
		{C8EEF30A-17FF-4A60-B747-3815DD1D2641}.Release|Any CPU.ActiveCfg = Release|Any CPU
		{C8EEF30A-17FF-4A60-B747-3815DD1D2641}.Release|Any CPU.Build.0 = Release|Any CPU
		{C8EEF30A-17FF-4A60-B747-3815DD1D2641}.Release|x64.ActiveCfg = Release|Any CPU
		{C8EEF30A-17FF-4A60-B747-3815DD1D2641}.Release|x64.Build.0 = Release|Any CPU
		{C8EEF30A-17FF-4A60-B747-3815DD1D2641}.Release|x86.ActiveCfg = Release|Any CPU
		{C8EEF30A-17FF-4A60-B747-3815DD1D2641}.Release|x86.Build.0 = Release|Any CPU
		{31F37600-33E5-4B68-9398-C672BCDDBA79}.Debug|Any CPU.ActiveCfg = Debug|Any CPU
		{31F37600-33E5-4B68-9398-C672BCDDBA79}.Debug|Any CPU.Build.0 = Debug|Any CPU
		{31F37600-33E5-4B68-9398-C672BCDDBA79}.Debug|x64.ActiveCfg = Debug|Any CPU
		{31F37600-33E5-4B68-9398-C672BCDDBA79}.Debug|x64.Build.0 = Debug|Any CPU
		{31F37600-33E5-4B68-9398-C672BCDDBA79}.Debug|x86.ActiveCfg = Debug|Any CPU
		{31F37600-33E5-4B68-9398-C672BCDDBA79}.Debug|x86.Build.0 = Debug|Any CPU
		{31F37600-33E5-4B68-9398-C672BCDDBA79}.Release|Any CPU.ActiveCfg = Release|Any CPU
		{31F37600-33E5-4B68-9398-C672BCDDBA79}.Release|Any CPU.Build.0 = Release|Any CPU
		{31F37600-33E5-4B68-9398-C672BCDDBA79}.Release|x64.ActiveCfg = Release|Any CPU
		{31F37600-33E5-4B68-9398-C672BCDDBA79}.Release|x64.Build.0 = Release|Any CPU
		{31F37600-33E5-4B68-9398-C672BCDDBA79}.Release|x86.ActiveCfg = Release|Any CPU
		{31F37600-33E5-4B68-9398-C672BCDDBA79}.Release|x86.Build.0 = Release|Any CPU
		{93BF48EA-7F96-45C0-924C-019D87B6B609}.Debug|Any CPU.ActiveCfg = Debug|Any CPU
		{93BF48EA-7F96-45C0-924C-019D87B6B609}.Debug|Any CPU.Build.0 = Debug|Any CPU
		{93BF48EA-7F96-45C0-924C-019D87B6B609}.Debug|x64.ActiveCfg = Debug|Any CPU
		{93BF48EA-7F96-45C0-924C-019D87B6B609}.Debug|x64.Build.0 = Debug|Any CPU
		{93BF48EA-7F96-45C0-924C-019D87B6B609}.Debug|x86.ActiveCfg = Debug|Any CPU
		{93BF48EA-7F96-45C0-924C-019D87B6B609}.Debug|x86.Build.0 = Debug|Any CPU
		{93BF48EA-7F96-45C0-924C-019D87B6B609}.Release|Any CPU.ActiveCfg = Release|Any CPU
		{93BF48EA-7F96-45C0-924C-019D87B6B609}.Release|Any CPU.Build.0 = Release|Any CPU
		{93BF48EA-7F96-45C0-924C-019D87B6B609}.Release|x64.ActiveCfg = Release|Any CPU
		{93BF48EA-7F96-45C0-924C-019D87B6B609}.Release|x64.Build.0 = Release|Any CPU
		{93BF48EA-7F96-45C0-924C-019D87B6B609}.Release|x86.ActiveCfg = Release|Any CPU
		{93BF48EA-7F96-45C0-924C-019D87B6B609}.Release|x86.Build.0 = Release|Any CPU
		{88E58FC4-0708-4439-8CCB-9D52A83456CA}.Debug|Any CPU.ActiveCfg = Debug|Any CPU
		{88E58FC4-0708-4439-8CCB-9D52A83456CA}.Debug|Any CPU.Build.0 = Debug|Any CPU
		{88E58FC4-0708-4439-8CCB-9D52A83456CA}.Debug|x64.ActiveCfg = Debug|Any CPU
		{88E58FC4-0708-4439-8CCB-9D52A83456CA}.Debug|x64.Build.0 = Debug|Any CPU
		{88E58FC4-0708-4439-8CCB-9D52A83456CA}.Debug|x86.ActiveCfg = Debug|Any CPU
		{88E58FC4-0708-4439-8CCB-9D52A83456CA}.Debug|x86.Build.0 = Debug|Any CPU
		{88E58FC4-0708-4439-8CCB-9D52A83456CA}.Release|Any CPU.ActiveCfg = Release|Any CPU
		{88E58FC4-0708-4439-8CCB-9D52A83456CA}.Release|Any CPU.Build.0 = Release|Any CPU
		{88E58FC4-0708-4439-8CCB-9D52A83456CA}.Release|x64.ActiveCfg = Release|Any CPU
		{88E58FC4-0708-4439-8CCB-9D52A83456CA}.Release|x64.Build.0 = Release|Any CPU
		{88E58FC4-0708-4439-8CCB-9D52A83456CA}.Release|x86.ActiveCfg = Release|Any CPU
		{88E58FC4-0708-4439-8CCB-9D52A83456CA}.Release|x86.Build.0 = Release|Any CPU
		{F6A4804E-9A80-433B-9E28-4495347991A2}.Debug|Any CPU.ActiveCfg = Debug|Any CPU
		{F6A4804E-9A80-433B-9E28-4495347991A2}.Debug|Any CPU.Build.0 = Debug|Any CPU
		{F6A4804E-9A80-433B-9E28-4495347991A2}.Debug|x64.ActiveCfg = Debug|Any CPU
		{F6A4804E-9A80-433B-9E28-4495347991A2}.Debug|x64.Build.0 = Debug|Any CPU
		{F6A4804E-9A80-433B-9E28-4495347991A2}.Debug|x86.ActiveCfg = Debug|Any CPU
		{F6A4804E-9A80-433B-9E28-4495347991A2}.Debug|x86.Build.0 = Debug|Any CPU
		{F6A4804E-9A80-433B-9E28-4495347991A2}.Release|Any CPU.ActiveCfg = Release|Any CPU
		{F6A4804E-9A80-433B-9E28-4495347991A2}.Release|Any CPU.Build.0 = Release|Any CPU
		{F6A4804E-9A80-433B-9E28-4495347991A2}.Release|x64.ActiveCfg = Release|Any CPU
		{F6A4804E-9A80-433B-9E28-4495347991A2}.Release|x64.Build.0 = Release|Any CPU
		{F6A4804E-9A80-433B-9E28-4495347991A2}.Release|x86.ActiveCfg = Release|Any CPU
		{F6A4804E-9A80-433B-9E28-4495347991A2}.Release|x86.Build.0 = Release|Any CPU
		{0C6B0CC8-F0BB-48DF-B8E6-67DA6F4849FB}.Debug|Any CPU.ActiveCfg = Debug|Any CPU
		{0C6B0CC8-F0BB-48DF-B8E6-67DA6F4849FB}.Debug|Any CPU.Build.0 = Debug|Any CPU
		{0C6B0CC8-F0BB-48DF-B8E6-67DA6F4849FB}.Debug|x64.ActiveCfg = Debug|Any CPU
		{0C6B0CC8-F0BB-48DF-B8E6-67DA6F4849FB}.Debug|x64.Build.0 = Debug|Any CPU
		{0C6B0CC8-F0BB-48DF-B8E6-67DA6F4849FB}.Debug|x86.ActiveCfg = Debug|Any CPU
		{0C6B0CC8-F0BB-48DF-B8E6-67DA6F4849FB}.Debug|x86.Build.0 = Debug|Any CPU
		{0C6B0CC8-F0BB-48DF-B8E6-67DA6F4849FB}.Release|Any CPU.ActiveCfg = Release|Any CPU
		{0C6B0CC8-F0BB-48DF-B8E6-67DA6F4849FB}.Release|Any CPU.Build.0 = Release|Any CPU
		{0C6B0CC8-F0BB-48DF-B8E6-67DA6F4849FB}.Release|x64.ActiveCfg = Release|Any CPU
		{0C6B0CC8-F0BB-48DF-B8E6-67DA6F4849FB}.Release|x64.Build.0 = Release|Any CPU
		{0C6B0CC8-F0BB-48DF-B8E6-67DA6F4849FB}.Release|x86.ActiveCfg = Release|Any CPU
		{0C6B0CC8-F0BB-48DF-B8E6-67DA6F4849FB}.Release|x86.Build.0 = Release|Any CPU
	EndGlobalSection
	GlobalSection(SolutionProperties) = preSolution
		HideSolutionNode = FALSE
	EndGlobalSection
	GlobalSection(NestedProjects) = preSolution
		{260AF2DB-27FA-4F95-9FFC-496D6B8B5CCE} = {827E0CD3-B72D-47B6-A68D-7590B98EB39B}
		{C8EEF30A-17FF-4A60-B747-3815DD1D2641} = {827E0CD3-B72D-47B6-A68D-7590B98EB39B}
		{31F37600-33E5-4B68-9398-C672BCDDBA79} = {827E0CD3-B72D-47B6-A68D-7590B98EB39B}
		{93BF48EA-7F96-45C0-924C-019D87B6B609} = {827E0CD3-B72D-47B6-A68D-7590B98EB39B}
		{88E58FC4-0708-4439-8CCB-9D52A83456CA} = {0AB3BF05-4346-4AA6-1389-037BE0695223}
		{F6A4804E-9A80-433B-9E28-4495347991A2} = {0AB3BF05-4346-4AA6-1389-037BE0695223}
		{0C6B0CC8-F0BB-48DF-B8E6-67DA6F4849FB} = {0AB3BF05-4346-4AA6-1389-037BE0695223}
	EndGlobalSection
EndGlobal
